
Microsoft Visual Studio Solution File, Format Version 12.00
# Visual Studio Version 16
VisualStudioVersion = 16.0.33214.272
MinimumVisualStudioVersion = 10.0.40219.1
Project("{FAE04EC0-301F-11D3-BF4B-00C04F79EFBC}") = "CW_7Decorator", "CW_7Decorator\CW_7Decorator.csproj", "{C5A2A7F8-A55F-4F76-90B2-E0366BBB4927}"
EndProject
Global
	GlobalSection(SolutionConfigurationPlatforms) = preSolution
		Debug|Any CPU = Debug|Any CPU
		Release|Any CPU = Release|Any CPU
	EndGlobalSection
	GlobalSection(ProjectConfigurationPlatforms) = postSolution
		{C5A2A7F8-A55F-4F76-90B2-E0366BBB4927}.Debug|Any CPU.ActiveCfg = Debug|Any CPU
		{C5A2A7F8-A55F-4F76-90B2-E0366BBB4927}.Debug|Any CPU.Build.0 = Debug|Any CPU
		{C5A2A7F8-A55F-4F76-90B2-E0366BBB4927}.Release|Any CPU.ActiveCfg = Release|Any CPU
		{C5A2A7F8-A55F-4F76-90B2-E0366BBB4927}.Release|Any CPU.Build.0 = Release|Any CPU
	EndGlobalSection
	GlobalSection(SolutionProperties) = preSolution
		HideSolutionNode = FALSE
	EndGlobalSection
	GlobalSection(ExtensibilityGlobals) = postSolution
		SolutionGuid = {03933FA1-FA92-4266-AE5D-68C4BE4EAABE}
	EndGlobalSection
EndGlobal
